
Microsoft Visual Studio Solution File, Format Version 12.00
# Visual Studio Version 17
VisualStudioVersion = 17.1.32319.34
MinimumVisualStudioVersion = 10.0.40219.1
Project("{FAE04EC0-301F-11D3-BF4B-00C04F79EFBC}") = "Quiz", "Quiz\Quiz.csproj", "{CE01A68C-11D4-4CFF-8DE8-D1C9B2267FF8}"
EndProject
Global
	GlobalSection(SolutionConfigurationPlatforms) = preSolution
		Debug|Any CPU = Debug|Any CPU
		Release|Any CPU = Release|Any CPU
	EndGlobalSection
	GlobalSection(ProjectConfigurationPlatforms) = postSolution
		{CE01A68C-11D4-4CFF-8DE8-D1C9B2267FF8}.Debug|Any CPU.ActiveCfg = Debug|Any CPU
		{CE01A68C-11D4-4CFF-8DE8-D1C9B2267FF8}.Debug|Any CPU.Build.0 = Debug|Any CPU
		{CE01A68C-11D4-4CFF-8DE8-D1C9B2267FF8}.Release|Any CPU.ActiveCfg = Release|Any CPU
		{CE01A68C-11D4-4CFF-8DE8-D1C9B2267FF8}.Release|Any CPU.Build.0 = Release|Any CPU
	EndGlobalSection
	GlobalSection(SolutionProperties) = preSolution
		HideSolutionNode = FALSE
	EndGlobalSection
	GlobalSection(ExtensibilityGlobals) = postSolution
		SolutionGuid = {F8FA8852-7171-42BE-84B2-796C47108EB6}
	EndGlobalSection
EndGlobal
